
Microsoft Visual Studio Solution File, Format Version 12.00
# Visual Studio 15
VisualStudioVersion = 15.0.28307.1062
MinimumVisualStudioVersion = 10.0.40219.1
Project("{8BC9CEB8-8B4A-11D0-8D11-00A0C91BC942}") = "Sandbox", "Sandbox\Sandbox.vcxproj", "{5E67B1AE-17C2-458B-9101-CCE1914A195B}"
EndProject
Project("{8BC9CEB8-8B4A-11D0-8D11-00A0C91BC942}") = "I-Core", "I-Core\I-Core.vcxproj", "{4E06351E-1793-4227-AB40-DD4F16CD5AB1}"
EndProject
Global
	GlobalSection(SolutionConfigurationPlatforms) = preSolution
		Debug|x64 = Debug|x64
		Release|x64 = Release|x64
	EndGlobalSection
	GlobalSection(ProjectConfigurationPlatforms) = postSolution
		{4E06351E-1793-4227-AB40-DD4F16CD5AB1}.Debug|x64.ActiveCfg = Debug|x64
		{4E06351E-1793-4227-AB40-DD4F16CD5AB1}.Debug|x64.Build.0 = Debug|x64
		{4E06351E-1793-4227-AB40-DD4F16CD5AB1}.Release|x64.ActiveCfg = Release|x64
		{4E06351E-1793-4227-AB40-DD4F16CD5AB1}.Release|x64.Build.0 = Release|x64
		{5E67B1AE-17C2-458B-9101-CCE1914A195B}.Debug|x64.ActiveCfg = Debug|x64
		{5E67B1AE-17C2-458B-9101-CCE1914A195B}.Debug|x64.Build.0 = Debug|x64
		{5E67B1AE-17C2-458B-9101-CCE1914A195B}.Release|x64.ActiveCfg = Release|x64
		{5E67B1AE-17C2-458B-9101-CCE1914A195B}.Release|x64.Build.0 = Release|x64
	EndGlobalSection
	GlobalSection(SolutionProperties) = preSolution
		HideSolutionNode = FALSE
	EndGlobalSection
	GlobalSection(ExtensibilityGlobals) = postSolution
		SolutionGuid = {58CCF931-4702-4EAE-92B6-F45DC28AE11C}
	EndGlobalSection
EndGlobal
